
Microsoft Visual Studio Solution File, Format Version 12.00
# Visual Studio Version 16
VisualStudioVersion = 16.0.30711.63
MinimumVisualStudioVersion = 10.0.40219.1
Project("{FAE04EC0-301F-11D3-BF4B-00C04F79EFBC}") = "DelegApp", "DelegApp\DelegApp.csproj", "{E6FA6127-232B-475A-86AF-A37753954FC4}"
EndProject
Global
	GlobalSection(SolutionConfigurationPlatforms) = preSolution
		Debug|Any CPU = Debug|Any CPU
		Release|Any CPU = Release|Any CPU
	EndGlobalSection
	GlobalSection(ProjectConfigurationPlatforms) = postSolution
		{E6FA6127-232B-475A-86AF-A37753954FC4}.Debug|Any CPU.ActiveCfg = Debug|Any CPU
		{E6FA6127-232B-475A-86AF-A37753954FC4}.Debug|Any CPU.Build.0 = Debug|Any CPU
		{E6FA6127-232B-475A-86AF-A37753954FC4}.Release|Any CPU.ActiveCfg = Release|Any CPU
		{E6FA6127-232B-475A-86AF-A37753954FC4}.Release|Any CPU.Build.0 = Release|Any CPU
	EndGlobalSection
	GlobalSection(SolutionProperties) = preSolution
		HideSolutionNode = FALSE
	EndGlobalSection
	GlobalSection(ExtensibilityGlobals) = postSolution
		SolutionGuid = {AA5794B0-3E6D-4A7D-9B66-CF11293A8E29}
	EndGlobalSection
EndGlobal
