
Microsoft Visual Studio Solution File, Format Version 12.00
# Visual Studio Version 16
VisualStudioVersion = 16.0.30711.63
MinimumVisualStudioVersion = 10.0.40219.1
Project("{FAE04EC0-301F-11D3-BF4B-00C04F79EFBC}") = "MyListApp", "MyListApp\MyListApp.csproj", "{3AB82572-68BE-4BD5-8512-9EB2566C72C4}"
EndProject
Global
	GlobalSection(SolutionConfigurationPlatforms) = preSolution
		Debug|Any CPU = Debug|Any CPU
		Release|Any CPU = Release|Any CPU
	EndGlobalSection
	GlobalSection(ProjectConfigurationPlatforms) = postSolution
		{3AB82572-68BE-4BD5-8512-9EB2566C72C4}.Debug|Any CPU.ActiveCfg = Debug|Any CPU
		{3AB82572-68BE-4BD5-8512-9EB2566C72C4}.Debug|Any CPU.Build.0 = Debug|Any CPU
		{3AB82572-68BE-4BD5-8512-9EB2566C72C4}.Release|Any CPU.ActiveCfg = Release|Any CPU
		{3AB82572-68BE-4BD5-8512-9EB2566C72C4}.Release|Any CPU.Build.0 = Release|Any CPU
	EndGlobalSection
	GlobalSection(SolutionProperties) = preSolution
		HideSolutionNode = FALSE
	EndGlobalSection
	GlobalSection(ExtensibilityGlobals) = postSolution
		SolutionGuid = {BC682F7B-29BD-4876-B61E-DE707832AE4D}
	EndGlobalSection
EndGlobal
