
Microsoft Visual Studio Solution File, Format Version 12.00
# Visual Studio Version 16
VisualStudioVersion = 16.0.30711.63
MinimumVisualStudioVersion = 10.0.40219.1
Project("{FAE04EC0-301F-11D3-BF4B-00C04F79EFBC}") = "EventApp", "EventApp\EventApp.csproj", "{F4AB4D04-0AE5-4FBC-BCD4-D0900B2E4B8D}"
EndProject
Global
	GlobalSection(SolutionConfigurationPlatforms) = preSolution
		Debug|Any CPU = Debug|Any CPU
		Release|Any CPU = Release|Any CPU
	EndGlobalSection
	GlobalSection(ProjectConfigurationPlatforms) = postSolution
		{F4AB4D04-0AE5-4FBC-BCD4-D0900B2E4B8D}.Debug|Any CPU.ActiveCfg = Debug|Any CPU
		{F4AB4D04-0AE5-4FBC-BCD4-D0900B2E4B8D}.Debug|Any CPU.Build.0 = Debug|Any CPU
		{F4AB4D04-0AE5-4FBC-BCD4-D0900B2E4B8D}.Release|Any CPU.ActiveCfg = Release|Any CPU
		{F4AB4D04-0AE5-4FBC-BCD4-D0900B2E4B8D}.Release|Any CPU.Build.0 = Release|Any CPU
	EndGlobalSection
	GlobalSection(SolutionProperties) = preSolution
		HideSolutionNode = FALSE
	EndGlobalSection
	GlobalSection(ExtensibilityGlobals) = postSolution
		SolutionGuid = {73AD891F-5932-43CB-85F0-0A01BF71FEFF}
	EndGlobalSection
EndGlobal
